{
  "object": {
    "pins": [
      {
        "package": "CryptoSwift",
        "repositoryURL": "https://github.com/krzyzanowskim/CryptoSwift.git",
        "state": {
          "branch": null,
          "revision": "a44caef0550c346e0ab9172f7c9a3852c1833599",
          "version": "1.3.0"
        }
      },
      {
        "package": "Files",
        "repositoryURL": "https://github.com/johnsundell/files.git",
        "state": {
          "branch": null,
          "revision": "22fe84797d499ffca911ccd896b34efaf06a50b9",
          "version": "4.1.1"
        }
      },
      {
        "package": "LS8Swift",
        "repositoryURL": "https://github.com/mredig/LS8Swift.git",
        "state": {
          "branch": null,
          "revision": "6a3199d561b95b4503e8e9e550010a2b1e5461d4",
          "version": "0.0.2"
        }
      },
      {
        "package": "NetworkHandler",
        "repositoryURL": "https://github.com/mredig/NetworkHandler.git",
        "state": {
          "branch": null,
          "revision": "5d37e35596881c52deb5aab134f6bef395c8eb2d",
          "version": "0.9.9"
        }
      }
    ]
  },
  "version": 1
}
